// !$*UTF8*$!
{
	archiveVersion = 1;
	classes = {
	};
	objectVersion = 52;
	objects = {

/* Begin PBXBuildFile section */
		5877430C283838E10008F006 /* SDWebImageSwiftUI in Frameworks */ = {isa = PBXBuildFile; productRef = 5877430B283838E10008F006 /* SDWebImageSwiftUI */; };
		58AD3715283AC1F80079D1D2 /* UIApplication+Extension.swift in Sources */ = {isa = PBXBuildFile; fileRef = 58AD3714283AC1F80079D1D2 /* UIApplication+Extension.swift */; };
		58D508182838170D0052FA4E /* ForecastViewModel.swift in Sources */ = {isa = PBXBuildFile; fileRef = 58D508172838170D0052FA4E /* ForecastViewModel.swift */; };
		58D5081A28381F870052FA4E /* ForecastListViewModel.swift in Sources */ = {isa = PBXBuildFile; fileRef = 58D5081928381F870052FA4E /* ForecastListViewModel.swift */; };
		BBD119BE25B6208A00ECA5A1 /* Mobile_Weather_AppApp.swift in Sources */ = {isa = PBXBuildFile; fileRef = BBD119BD25B6208A00ECA5A1 /* Mobile_Weather_AppApp.swift */; };
		BBD119C025B6208A00ECA5A1 /* ContentView.swift in Sources */ = {isa = PBXBuildFile; fileRef = BBD119BF25B6208A00ECA5A1 /* ContentView.swift */; };
		BBD119C225B6208B00ECA5A1 /* Assets.xcassets in Resources */ = {isa = PBXBuildFile; fileRef = BBD119C125B6208B00ECA5A1 /* Assets.xcassets */; };
		BBD119C525B6208B00ECA5A1 /* Preview Assets.xcassets in Resources */ = {isa = PBXBuildFile; fileRef = BBD119C425B6208B00ECA5A1 /* Preview Assets.xcassets */; };
		BBD119CE25B620A400ECA5A1 /* APIService.swift in Sources */ = {isa = PBXBuildFile; fileRef = BBD119CD25B620A400ECA5A1 /* APIService.swift */; };
		BBD119D125B620BB00ECA5A1 /* Forecast.swift in Sources */ = {isa = PBXBuildFile; fileRef = BBD119D025B620BB00ECA5A1 /* Forecast.swift */; };
/* End PBXBuildFile section */

/* Begin PBXFileReference section */
		58AD3714283AC1F80079D1D2 /* UIApplication+Extension.swift */ = {isa = PBXFileReference; lastKnownFileType = sourcecode.swift; path = "UIApplication+Extension.swift"; sourceTree = "<group>"; };
		58D508172838170D0052FA4E /* ForecastViewModel.swift */ = {isa = PBXFileReference; lastKnownFileType = sourcecode.swift; path = ForecastViewModel.swift; sourceTree = "<group>"; };
		58D5081928381F870052FA4E /* ForecastListViewModel.swift */ = {isa = PBXFileReference; lastKnownFileType = sourcecode.swift; path = ForecastListViewModel.swift; sourceTree = "<group>"; };
		BBD119BA25B6208A00ECA5A1 /* Mobile Weather App.app */ = {isa = PBXFileReference; explicitFileType = wrapper.application; includeInIndex = 0; path = "Mobile Weather App.app"; sourceTree = BUILT_PRODUCTS_DIR; };
		BBD119BD25B6208A00ECA5A1 /* Mobile_Weather_AppApp.swift */ = {isa = PBXFileReference; lastKnownFileType = sourcecode.swift; path = Mobile_Weather_AppApp.swift; sourceTree = "<group>"; };
		BBD119BF25B6208A00ECA5A1 /* ContentView.swift */ = {isa = PBXFileReference; lastKnownFileType = sourcecode.swift; path = ContentView.swift; sourceTree = "<group>"; };
		BBD119C125B6208B00ECA5A1 /* Assets.xcassets */ = {isa = PBXFileReference; lastKnownFileType = folder.assetcatalog; path = Assets.xcassets; sourceTree = "<group>"; };
		BBD119C425B6208B00ECA5A1 /* Preview Assets.xcassets */ = {isa = PBXFileReference; lastKnownFileType = folder.assetcatalog; path = "Preview Assets.xcassets"; sourceTree = "<group>"; };
		BBD119C625B6208B00ECA5A1 /* Info.plist */ = {isa = PBXFileReference; lastKnownFileType = text.plist.xml; path = Info.plist; sourceTree = "<group>"; };
		BBD119CD25B620A400ECA5A1 /* APIService.swift */ = {isa = PBXFileReference; fileEncoding = 4; lastKnownFileType = sourcecode.swift; path = APIService.swift; sourceTree = "<group>"; };
		BBD119D025B620BB00ECA5A1 /* Forecast.swift */ = {isa = PBXFileReference; lastKnownFileType = sourcecode.swift; path = Forecast.swift; sourceTree = "<group>"; };
/* End PBXFileReference section */

/* Begin PBXFrameworksBuildPhase section */
		BBD119B725B6208A00ECA5A1 /* Frameworks */ = {
			isa = PBXFrameworksBuildPhase;
			buildActionMask = 2147483647;
			files = (
				5877430C283838E10008F006 /* SDWebImageSwiftUI in Frameworks */,
			);
			runOnlyForDeploymentPostprocessing = 0;
		};
/* End PBXFrameworksBuildPhase section */

/* Begin PBXGroup section */
		BBD119B125B6208A00ECA5A1 = {
			isa = PBXGroup;
			children = (
				BBD119BC25B6208A00ECA5A1 /* Mobile Weather App */,
				BBD119BB25B6208A00ECA5A1 /* Products */,
			);
			sourceTree = "<group>";
		};
		BBD119BB25B6208A00ECA5A1 /* Products */ = {
			isa = PBXGroup;
			children = (
				BBD119BA25B6208A00ECA5A1 /* Mobile Weather App.app */,
			);
			name = Products;
			sourceTree = "<group>";
		};
		BBD119BC25B6208A00ECA5A1 /* Mobile Weather App */ = {
			isa = PBXGroup;
			children = (
				BBD119BD25B6208A00ECA5A1 /* Mobile_Weather_AppApp.swift */,
				BBD119BF25B6208A00ECA5A1 /* ContentView.swift */,
				58AD3714283AC1F80079D1D2 /* UIApplication+Extension.swift */,
				58D508172838170D0052FA4E /* ForecastViewModel.swift */,
				58D5081928381F870052FA4E /* ForecastListViewModel.swift */,
				BBD119D025B620BB00ECA5A1 /* Forecast.swift */,
				BBD119C125B6208B00ECA5A1 /* Assets.xcassets */,
				BBD119C625B6208B00ECA5A1 /* Info.plist */,
				BBD119CD25B620A400ECA5A1 /* APIService.swift */,
				BBD119C325B6208B00ECA5A1 /* Preview Content */,
			);
			path = "Mobile Weather App";
			sourceTree = "<group>";
		};
		BBD119C325B6208B00ECA5A1 /* Preview Content */ = {
			isa = PBXGroup;
			children = (
				BBD119C425B6208B00ECA5A1 /* Preview Assets.xcassets */,
			);
			path = "Preview Content";
			sourceTree = "<group>";
		};
/* End PBXGroup section */

/* Begin PBXNativeTarget section */
		BBD119B925B6208A00ECA5A1 /* Mobile Weather App */ = {
			isa = PBXNativeTarget;
			buildConfigurationList = BBD119C925B6208B00ECA5A1 /* Build configuration list for PBXNativeTarget "Mobile Weather App" */;
			buildPhases = (
				BBD119B625B6208A00ECA5A1 /* Sources */,
				BBD119B725B6208A00ECA5A1 /* Frameworks */,
				BBD119B825B6208A00ECA5A1 /* Resources */,
			);
			buildRules = (
			);
			dependencies = (
			);
			name = "Mobile Weather App";
			packageProductDependencies = (
				5877430B283838E10008F006 /* SDWebImageSwiftUI */,
			);
			productName = "Mobile Weather App";
			productReference = BBD119BA25B6208A00ECA5A1 /* Mobile Weather App.app */;
			productType = "com.apple.product-type.application";
		};
/* End PBXNativeTarget section */

/* Begin PBXProject section */
		BBD119B225B6208A00ECA5A1 /* Project object */ = {
			isa = PBXProject;
			attributes = {
				LastSwiftUpdateCheck = 1230;
				LastUpgradeCheck = 1230;
				TargetAttributes = {
					BBD119B925B6208A00ECA5A1 = {
						CreatedOnToolsVersion = 12.3;
					};
				};
			};
			buildConfigurationList = BBD119B525B6208A00ECA5A1 /* Build configuration list for PBXProject "Mobile Weather App" */;
			compatibilityVersion = "Xcode 9.3";
			developmentRegion = en;
			hasScannedForEncodings = 0;
			knownRegions = (
				en,
				Base,
			);
			mainGroup = BBD119B125B6208A00ECA5A1;
			packageReferences = (
				5877430A283838E10008F006 /* XCRemoteSwiftPackageReference "SDWebImageSwiftUI" */,
			);
			productRefGroup = BBD119BB25B6208A00ECA5A1 /* Products */;
			projectDirPath = "";
			projectRoot = "";
			targets = (
				BBD119B925B6208A00ECA5A1 /* Mobile Weather App */,
			);
		};
/* End PBXProject section */

/* Begin PBXResourcesBuildPhase section */
		BBD119B825B6208A00ECA5A1 /* Resources */ = {
			isa = PBXResourcesBuildPhase;
			buildActionMask = 2147483647;
			files = (
				BBD119C525B6208B00ECA5A1 /* Preview Assets.xcassets in Resources */,
				BBD119C225B6208B00ECA5A1 /* Assets.xcassets in Resources */,
			);
			runOnlyForDeploymentPostprocessing = 0;
		};
/* End PBXResourcesBuildPhase section */

/* Begin PBXSourcesBuildPhase section */
		BBD119B625B6208A00ECA5A1 /* Sources */ = {
			isa = PBXSourcesBuildPhase;
			buildActionMask = 2147483647;
			files = (
				BBD119D125B620BB00ECA5A1 /* Forecast.swift in Sources */,
				BBD119C025B6208A00ECA5A1 /* ContentView.swift in Sources */,
				BBD119CE25B620A400ECA5A1 /* APIService.swift in Sources */,
				BBD119BE25B6208A00ECA5A1 /* Mobile_Weather_AppApp.swift in Sources */,
				58D508182838170D0052FA4E /* ForecastViewModel.swift in Sources */,
				58D5081A28381F870052FA4E /* ForecastListViewModel.swift in Sources */,
				58AD3715283AC1F80079D1D2 /* UIApplication+Extension.swift in Sources */,
			);
			runOnlyForDeploymentPostprocessing = 0;
		};
/* End PBXSourcesBuildPhase section */

/* Begin XCBuildConfiguration section */
		BBD119C725B6208B00ECA5A1 /* Debug */ = {
			isa = XCBuildConfiguration;
			buildSettings = {
				ALWAYS_SEARCH_USER_PATHS = NO;
				CLANG_ANALYZER_NONNULL = YES;
				CLANG_ANALYZER_NUMBER_OBJECT_CONVERSION = YES_AGGRESSIVE;
				CLANG_CXX_LANGUAGE_STANDARD = "gnu++14";
				CLANG_CXX_LIBRARY = "libc++";
				CLANG_ENABLE_MODULES = YES;
				CLANG_ENABLE_OBJC_ARC = YES;
				CLANG_ENABLE_OBJC_WEAK = YES;
				CLANG_WARN_BLOCK_CAPTURE_AUTORELEASING = YES;
				CLANG_WARN_BOOL_CONVERSION = YES;
				CLANG_WARN_COMMA = YES;
				CLANG_WARN_CONSTANT_CONVERSION = YES;
				CLANG_WARN_DEPRECATED_OBJC_IMPLEMENTATIONS = YES;
				CLANG_WARN_DIRECT_OBJC_ISA_USAGE = YES_ERROR;
				CLANG_WARN_DOCUMENTATION_COMMENTS = YES;
				CLANG_WARN_EMPTY_BODY = YES;
				CLANG_WARN_ENUM_CONVERSION = YES;
				CLANG_WARN_INFINITE_RECURSION = YES;
				CLANG_WARN_INT_CONVERSION = YES;
				CLANG_WARN_NON_LITERAL_NULL_CONVERSION = YES;
				CLANG_WARN_OBJC_IMPLICIT_RETAIN_SELF = YES;
				CLANG_WARN_OBJC_LITERAL_CONVERSION = YES;
				CLANG_WARN_OBJC_ROOT_CLASS = YES_ERROR;
				CLANG_WARN_QUOTED_INCLUDE_IN_FRAMEWORK_HEADER = YES;
				CLANG_WARN_RANGE_LOOP_ANALYSIS = YES;
				CLANG_WARN_STRICT_PROTOTYPES = YES;
				CLANG_WARN_SUSPICIOUS_MOVE = YES;
				CLANG_WARN_UNGUARDED_AVAILABILITY = YES_AGGRESSIVE;
				CLANG_WARN_UNREACHABLE_CODE = YES;
				CLANG_WARN__DUPLICATE_METHOD_MATCH = YES;
				COPY_PHASE_STRIP = NO;
				DEBUG_INFORMATION_FORMAT = dwarf;
				ENABLE_STRICT_OBJC_MSGSEND = YES;
				ENABLE_TESTABILITY = YES;
				GCC_C_LANGUAGE_STANDARD = gnu11;
				GCC_DYNAMIC_NO_PIC = NO;
				GCC_NO_COMMON_BLOCKS = YES;
				GCC_OPTIMIZATION_LEVEL = 0;
				GCC_PREPROCESSOR_DEFINITIONS = (
					"DEBUG=1",
					"$(inherited)",
				);
				GCC_WARN_64_TO_32_BIT_CONVERSION = YES;
				GCC_WARN_ABOUT_RETURN_TYPE = YES_ERROR;
				GCC_WARN_UNDECLARED_SELECTOR = YES;
				GCC_WARN_UNINITIALIZED_AUTOS = YES_AGGRESSIVE;
				GCC_WARN_UNUSED_FUNCTION = YES;
				GCC_WARN_UNUSED_VARIABLE = YES;
				IPHONEOS_DEPLOYMENT_TARGET = 14.3;
				MTL_ENABLE_DEBUG_INFO = INCLUDE_SOURCE;
				MTL_FAST_MATH = YES;
				ONLY_ACTIVE_ARCH = YES;
				SDKROOT = iphoneos;
				SWIFT_ACTIVE_COMPILATION_CONDITIONS = DEBUG;
				SWIFT_OPTIMIZATION_LEVEL = "-Onone";
			};
			name = Debug;
		};
		BBD119C825B6208B00ECA5A1 /* Release */ = {
			isa = XCBuildConfiguration;
			buildSettings = {
				ALWAYS_SEARCH_USER_PATHS = NO;
				CLANG_ANALYZER_NONNULL = YES;
				CLANG_ANALYZER_NUMBER_OBJECT_CONVERSION = YES_AGGRESSIVE;
				CLANG_CXX_LANGUAGE_STANDARD = "gnu++14";
				CLANG_CXX_LIBRARY = "libc++";
				CLANG_ENABLE_MODULES = YES;
				CLANG_ENABLE_OBJC_ARC = YES;
				CLANG_ENABLE_OBJC_WEAK = YES;
				CLANG_WARN_BLOCK_CAPTURE_AUTORELEASING = YES;
				CLANG_WARN_BOOL_CONVERSION = YES;
				CLANG_WARN_COMMA = YES;
				CLANG_WARN_CONSTANT_CONVERSION = YES;
				CLANG_WARN_DEPRECATED_OBJC_IMPLEMENTATIONS = YES;
				CLANG_WARN_DIRECT_OBJC_ISA_USAGE = YES_ERROR;
				CLANG_WARN_DOCUMENTATION_COMMENTS = YES;
				CLANG_WARN_EMPTY_BODY = YES;
				CLANG_WARN_ENUM_CONVERSION = YES;
				CLANG_WARN_INFINITE_RECURSION = YES;
				CLANG_WARN_INT_CONVERSION = YES;
				CLANG_WARN_NON_LITERAL_NULL_CONVERSION = YES;
				CLANG_WARN_OBJC_IMPLICIT_RETAIN_SELF = YES;
				CLANG_WARN_OBJC_LITERAL_CONVERSION = YES;
				CLANG_WARN_OBJC_ROOT_CLASS = YES_ERROR;
				CLANG_WARN_QUOTED_INCLUDE_IN_FRAMEWORK_HEADER = YES;
				CLANG_WARN_RANGE_LOOP_ANALYSIS = YES;
				CLANG_WARN_STRICT_PROTOTYPES = YES;
				CLANG_WARN_SUSPICIOUS_MOVE = YES;
				CLANG_WARN_UNGUARDED_AVAILABILITY = YES_AGGRESSIVE;
				CLANG_WARN_UNREACHABLE_CODE = YES;
				CLANG_WARN__DUPLICATE_METHOD_MATCH = YES;
				COPY_PHASE_STRIP = NO;
				DEBUG_INFORMATION_FORMAT = "dwarf-with-dsym";
				ENABLE_NS_ASSERTIONS = NO;
				ENABLE_STRICT_OBJC_MSGSEND = YES;
				GCC_C_LANGUAGE_STANDARD = gnu11;
				GCC_NO_COMMON_BLOCKS = YES;
				GCC_WARN_64_TO_32_BIT_CONVERSION = YES;
				GCC_WARN_ABOUT_RETURN_TYPE = YES_ERROR;
				GCC_WARN_UNDECLARED_SELECTOR = YES;
				GCC_WARN_UNINITIALIZED_AUTOS = YES_AGGRESSIVE;
				GCC_WARN_UNUSED_FUNCTION = YES;
				GCC_WARN_UNUSED_VARIABLE = YES;
				IPHONEOS_DEPLOYMENT_TARGET = 14.3;
				MTL_ENABLE_DEBUG_INFO = NO;
				MTL_FAST_MATH = YES;
				SDKROOT = iphoneos;
				SWIFT_COMPILATION_MODE = wholemodule;
				SWIFT_OPTIMIZATION_LEVEL = "-O";
				VALIDATE_PRODUCT = YES;
			};
			name = Release;
		};
		BBD119CA25B6208B00ECA5A1 /* Debug */ = {
			isa = XCBuildConfiguration;
			buildSettings = {
				ASSETCATALOG_COMPILER_APPICON_NAME = AppIcon;
				ASSETCATALOG_COMPILER_GLOBAL_ACCENT_COLOR_NAME = AccentColor;
				CODE_SIGN_STYLE = Automatic;
				DEVELOPMENT_ASSET_PATHS = "\"Mobile Weather App/Preview Content\"";
				DEVELOPMENT_TEAM = 939WL2LXKJ;
				ENABLE_PREVIEWS = YES;
				INFOPLIST_FILE = "Mobile Weather App/Info.plist";
				IPHONEOS_DEPLOYMENT_TARGET = 14.0;
				LD_RUNPATH_SEARCH_PATHS = (
					"$(inherited)",
					"@executable_path/Frameworks",
				);
				PRODUCT_BUNDLE_IDENTIFIER = com.WethShan155037;
				PRODUCT_NAME = "$(TARGET_NAME)";
				SWIFT_VERSION = 5.0;
				TARGETED_DEVICE_FAMILY = "1,2";
			};
			name = Debug;
		};
		BBD119CB25B6208B00ECA5A1 /* Release */ = {
			isa = XCBuildConfiguration;
			buildSettings = {
				ASSETCATALOG_COMPILER_APPICON_NAME = AppIcon;
				ASSETCATALOG_COMPILER_GLOBAL_ACCENT_COLOR_NAME = AccentColor;
				CODE_SIGN_STYLE = Automatic;
				DEVELOPMENT_ASSET_PATHS = "\"Mobile Weather App/Preview Content\"";
				DEVELOPMENT_TEAM = 939WL2LXKJ;
				ENABLE_PREVIEWS = YES;
				INFOPLIST_FILE = "Mobile Weather App/Info.plist";
				IPHONEOS_DEPLOYMENT_TARGET = 14.0;
				LD_RUNPATH_SEARCH_PATHS = (
					"$(inherited)",
					"@executable_path/Frameworks",
				);
				PRODUCT_BUNDLE_IDENTIFIER = com.WethShan155037;
				PRODUCT_NAME = "$(TARGET_NAME)";
				SWIFT_VERSION = 5.0;
				TARGETED_DEVICE_FAMILY = "1,2";
			};
			name = Release;
		};
/* End XCBuildConfiguration section */

/* Begin XCConfigurationList section */
		BBD119B525B6208A00ECA5A1 /* Build configuration list for PBXProject "Mobile Weather App" */ = {
			isa = XCConfigurationList;
			buildConfigurations = (
				BBD119C725B6208B00ECA5A1 /* Debug */,
				BBD119C825B6208B00ECA5A1 /* Release */,
			);
			defaultConfigurationIsVisible = 0;
			defaultConfigurationName = Release;
		};
		BBD119C925B6208B00ECA5A1 /* Build configuration list for PBXNativeTarget "Mobile Weather App" */ = {
			isa = XCConfigurationList;
			buildConfigurations = (
				BBD119CA25B6208B00ECA5A1 /* Debug */,
				BBD119CB25B6208B00ECA5A1 /* Release */,
			);
			defaultConfigurationIsVisible = 0;
			defaultConfigurationName = Release;
		};
/* End XCConfigurationList section */

/* Begin XCRemoteSwiftPackageReference section */
		5877430A283838E10008F006 /* XCRemoteSwiftPackageReference "SDWebImageSwiftUI" */ = {
			isa = XCRemoteSwiftPackageReference;
			repositoryURL = "https://github.com/SDWebImage/SDWebImageSwiftUI";
			requirement = {
				kind = upToNextMajorVersion;
				minimumVersion = 2.0.0;
			};
		};
/* End XCRemoteSwiftPackageReference section */

/* Begin XCSwiftPackageProductDependency section */
		5877430B283838E10008F006 /* SDWebImageSwiftUI */ = {
			isa = XCSwiftPackageProductDependency;
			package = 5877430A283838E10008F006 /* XCRemoteSwiftPackageReference "SDWebImageSwiftUI" */;
			productName = SDWebImageSwiftUI;
		};
/* End XCSwiftPackageProductDependency section */
	};
	rootObject = BBD119B225B6208A00ECA5A1 /* Project object */;
}
